
Microsoft Visual Studio Solution File, Format Version 12.00
# Visual Studio Version 17
VisualStudioVersion = 17.6.33815.320
MinimumVisualStudioVersion = 10.0.40219.1
Project("{FAE04EC0-301F-11D3-BF4B-00C04F79EFBC}") = "Dört İşlem Tahmin Oyunu", "Dört İşlem Tahmin Oyunu\Dört İşlem Tahmin Oyunu.csproj", "{72CFE887-18ED-486D-A1CA-719E94391572}"
EndProject
Global
	GlobalSection(SolutionConfigurationPlatforms) = preSolution
		Debug|Any CPU = Debug|Any CPU
		Release|Any CPU = Release|Any CPU
	EndGlobalSection
	GlobalSection(ProjectConfigurationPlatforms) = postSolution
		{72CFE887-18ED-486D-A1CA-719E94391572}.Debug|Any CPU.ActiveCfg = Debug|Any CPU
		{72CFE887-18ED-486D-A1CA-719E94391572}.Debug|Any CPU.Build.0 = Debug|Any CPU
		{72CFE887-18ED-486D-A1CA-719E94391572}.Release|Any CPU.ActiveCfg = Release|Any CPU
		{72CFE887-18ED-486D-A1CA-719E94391572}.Release|Any CPU.Build.0 = Release|Any CPU
	EndGlobalSection
	GlobalSection(SolutionProperties) = preSolution
		HideSolutionNode = FALSE
	EndGlobalSection
	GlobalSection(ExtensibilityGlobals) = postSolution
		SolutionGuid = {AF21AC1B-CC40-4166-9EAE-94CEF498D3F0}
	EndGlobalSection
EndGlobal
