
Microsoft Visual Studio Solution File, Format Version 12.00
# Visual Studio Version 17
VisualStudioVersion = 17.6.33815.320
MinimumVisualStudioVersion = 10.0.40219.1
Project("{FAE04EC0-301F-11D3-BF4B-00C04F79EFBC}") = "Eşleştirme Oyunu", "Eşleştirme Oyunu\Eşleştirme Oyunu.csproj", "{F45BE0ED-C822-4B95-8928-64BE0B861987}"
EndProject
Global
	GlobalSection(SolutionConfigurationPlatforms) = preSolution
		Debug|Any CPU = Debug|Any CPU
		Release|Any CPU = Release|Any CPU
	EndGlobalSection
	GlobalSection(ProjectConfigurationPlatforms) = postSolution
		{F45BE0ED-C822-4B95-8928-64BE0B861987}.Debug|Any CPU.ActiveCfg = Debug|Any CPU
		{F45BE0ED-C822-4B95-8928-64BE0B861987}.Debug|Any CPU.Build.0 = Debug|Any CPU
		{F45BE0ED-C822-4B95-8928-64BE0B861987}.Release|Any CPU.ActiveCfg = Release|Any CPU
		{F45BE0ED-C822-4B95-8928-64BE0B861987}.Release|Any CPU.Build.0 = Release|Any CPU
	EndGlobalSection
	GlobalSection(SolutionProperties) = preSolution
		HideSolutionNode = FALSE
	EndGlobalSection
	GlobalSection(ExtensibilityGlobals) = postSolution
		SolutionGuid = {8D7ACC1F-9EB3-49AA-9447-551B1DDCB249}
	EndGlobalSection
EndGlobal
