
Microsoft Visual Studio Solution File, Format Version 12.00
# Visual Studio Version 17
VisualStudioVersion = 17.7.34221.43
MinimumVisualStudioVersion = 10.0.40219.1
Project("{FAE04EC0-301F-11D3-BF4B-00C04F79EFBC}") = "Plaka Numarasına Göre Şehirin Adı", "Plaka Numarasına Göre Şehirin Adı\Plaka Numarasına Göre Şehirin Adı.csproj", "{421BEA63-EE60-41BF-B249-4F2A41FB43F0}"
EndProject
Global
	GlobalSection(SolutionConfigurationPlatforms) = preSolution
		Debug|Any CPU = Debug|Any CPU
		Release|Any CPU = Release|Any CPU
	EndGlobalSection
	GlobalSection(ProjectConfigurationPlatforms) = postSolution
		{421BEA63-EE60-41BF-B249-4F2A41FB43F0}.Debug|Any CPU.ActiveCfg = Debug|Any CPU
		{421BEA63-EE60-41BF-B249-4F2A41FB43F0}.Debug|Any CPU.Build.0 = Debug|Any CPU
		{421BEA63-EE60-41BF-B249-4F2A41FB43F0}.Release|Any CPU.ActiveCfg = Release|Any CPU
		{421BEA63-EE60-41BF-B249-4F2A41FB43F0}.Release|Any CPU.Build.0 = Release|Any CPU
	EndGlobalSection
	GlobalSection(SolutionProperties) = preSolution
		HideSolutionNode = FALSE
	EndGlobalSection
	GlobalSection(ExtensibilityGlobals) = postSolution
		SolutionGuid = {DACA0585-D6FC-4C80-A1AF-40CF257C13F3}
	EndGlobalSection
EndGlobal
